# This file is generated by running "yarn install" inside your project.
# Manual changes might be lost - proceed with caution!

__metadata:
  version: 8
  cacheKey: 10c0

"@types/node@npm:^22.4.1":
  version: 22.5.1
  resolution: "@types/node@npm:22.5.1"
  dependencies:
    undici-types: "npm:~6.19.2"
  checksum: 10c0/35373176d8a1d4e16004a1ed303e68d39e4c6341024dc056f2577982df98c1a045a6b677f12ed557796f09bbf7d621f428f6874cc37ed28f7b336fa604b5f6a6
  languageName: node
  linkType: hard

"app-lib@workspace:.":
  version: 0.0.0-use.local
  resolution: "app-lib@workspace:."
  dependencies:
    "@types/node": "npm:^22.4.1"
  languageName: unknown
  linkType: soft

"undici-types@npm:~6.19.2":
  version: 6.19.8
  resolution: "undici-types@npm:6.19.8"
  checksum: 10c0/078afa5990fba110f6824823ace86073b4638f1d5112ee26e790155f481f2a868cc3e0615505b6f4282bdf74a3d8caad715fd809e870c2bb0704e3ea6082f344
  languageName: node
  linkType: hard
